<?xml version="1.0" encoding="utf-8"?>
<Project ToolsVersion="4.0" xmlns="http://schemas.microsoft.com/developer/msbuild/2003">
  <ItemGroup>
    <ClCompile Include="source\Bullet.cpp">
      <Filter>Source</Filter>
    </ClCompile>
    <ClCompile Include="source\Button.cpp">
      <Filter>Source</Filter>
    </ClCompile>
    <ClCompile Include="source\Enemy.cpp">
      <Filter>Source</Filter>
    </ClCompile>
    <ClCompile Include="source\EnemyManager.cpp">
      <Filter>Source</Filter>
    </ClCompile>
    <ClCompile Include="source\main.cpp">
      <Filter>Source</Filter>
    </ClCompile>
    <ClCompile Include="source\MenuScene.cpp">
      <Filter>Source</Filter>
    </ClCompile>
    <ClCompile Include="source\Player.cpp">
      <Filter>Source</Filter>
    </ClCompile>
    <ClCompile Include="source\TemplateScene.cpp">
      <Filter>Source</Filter>
    </ClCompile>
    <ClCompile Include="source\TestScene.cpp">
      <Filter>Source</Filter>
    </ClCompile>
    <ClCompile Include="source\Turret.cpp">
      <Filter>Source</Filter>
    </ClCompile>
    <ClCompile Include="source\TurretManager.cpp">
      <Filter>Source</Filter>
    </ClCompile>
    <ClCompile Include="source\Node.cpp">
      <Filter>Source</Filter>
    </ClCompile>
    <ClCompile Include="source\Enemy_Asteroid_Small.cpp">
      <Filter>Source</Filter>
    </ClCompile>
    <ClCompile Include="source\Enemy_Asteroid_Cluster.cpp">
      <Filter>Source</Filter>
    </ClCompile>
    <ClCompile Include="source\Turret_Cannon.cpp">
      <Filter>Source</Filter>
    </ClCompile>
    <ClCompile Include="source\Turret_Missile.cpp">
      <Filter>Source</Filter>
    </ClCompile>
    <ClCompile Include="source\Turret_Beam.cpp">
      <Filter>Source</Filter>
    </ClCompile>
    <ClCompile Include="source\Turret_Disruptor.cpp">
      <Filter>Source</Filter>
    </ClCompile>
    <ClCompile Include="source\Turret_Mrk.cpp">
      <Filter>Source</Filter>
    </ClCompile>
    <ClCompile Include="source\Turret_Lazer.cpp">
      <Filter>Source</Filter>
    </ClCompile>
  </ItemGroup>
  <ItemGroup>
    <ClInclude Include="include\Bullet.hpp">
      <Filter>Include</Filter>
    </ClInclude>
    <ClInclude Include="include\Button.hpp">
      <Filter>Include</Filter>
    </ClInclude>
    <ClInclude Include="include\Enemy.hpp">
      <Filter>Include</Filter>
    </ClInclude>
    <ClInclude Include="include\EnemyManager.hpp">
      <Filter>Include</Filter>
    </ClInclude>
    <ClInclude Include="include\MenuScene.hpp">
      <Filter>Include</Filter>
    </ClInclude>
    <ClInclude Include="include\MoveAffector.hpp">
      <Filter>Include</Filter>
    </ClInclude>
    <ClInclude Include="include\Player.hpp">
      <Filter>Include</Filter>
    </ClInclude>
    <ClInclude Include="include\TemplateScene.hpp">
      <Filter>Include</Filter>
    </ClInclude>
    <ClInclude Include="include\TestScene.hpp">
      <Filter>Include</Filter>
    </ClInclude>
    <ClInclude Include="include\Turret.hpp">
      <Filter>Include</Filter>
    </ClInclude>
    <ClInclude Include="include\TurretManager.hpp">
      <Filter>Include</Filter>
    </ClInclude>
    <ClInclude Include="include\Scenes.hpp">
      <Filter>Include</Filter>
    </ClInclude>
    <ClInclude Include="include\Node.hpp">
      <Filter>Include</Filter>
    </ClInclude>
    <ClInclude Include="include\Enemy_Asteroid_Small.hpp">
      <Filter>Include</Filter>
    </ClInclude>
    <ClInclude Include="include\Enemy_Asteroid_Cluster.hpp">
      <Filter>Include</Filter>
    </ClInclude>
    <ClInclude Include="include\Turret_Cannon.hpp">
      <Filter>Include</Filter>
    </ClInclude>
    <ClInclude Include="include\Turret_Missile.hpp">
      <Filter>Include</Filter>
    </ClInclude>
    <ClInclude Include="include\Turret_Lazer.hpp">
      <Filter>Include</Filter>
    </ClInclude>
    <ClInclude Include="include\Turret_Beam.hpp">
      <Filter>Include</Filter>
    </ClInclude>
    <ClInclude Include="include\Turret_Disruptor.hpp">
      <Filter>Include</Filter>
    </ClInclude>
    <ClInclude Include="include\Turret_Mrk.hpp">
      <Filter>Include</Filter>
    </ClInclude>
  </ItemGroup>
  <ItemGroup>
    <Filter Include="Include">
      <UniqueIdentifier>{75cb417a-0b26-4f8c-8fd5-c688b0bb921e}</UniqueIdentifier>
    </Filter>
    <Filter Include="Source">
      <UniqueIdentifier>{4ba80cf4-fc37-44fa-b4c0-eb9499cf57dc}</UniqueIdentifier>
    </Filter>
  </ItemGroup>
</Project>